<?xml version="1.0" encoding="utf-8"?>
<Project ToolsVersion="4.0" xmlns="http://schemas.microsoft.com/developer/msbuild/2003">
  <ItemGroup>
    <ClCompile Include="Main.cpp" />
    <ClCompile Include="Dependencies\Luau\Ast\src\Allocator.cpp" />
    <ClCompile Include="Dependencies\Luau\Ast\src\Ast.cpp" />
    <ClCompile Include="Dependencies\Luau\Ast\src\Confusables.cpp" />
    <ClCompile Include="Dependencies\Luau\Ast\src\Cst.cpp" />
    <ClCompile Include="Dependencies\Luau\Ast\src\Lexer.cpp" />
    <ClCompile Include="Dependencies\Luau\Ast\src\Location.cpp" />
    <ClCompile Include="Dependencies\Luau\Ast\src\Parser.cpp" />
    <ClCompile Include="Dependencies\Luau\Ast\src\StringUtils.cpp" />
    <ClCompile Include="Dependencies\Luau\Ast\src\TimeTrace.cpp" />
    <ClCompile Include="Dependencies\Luau\Compiler\src\BuiltinFolding.cpp" />
    <ClCompile Include="Dependencies\Luau\Compiler\src\Builtins.cpp" />
    <ClCompile Include="Dependencies\Luau\Compiler\src\BytecodeBuilder.cpp" />
    <ClCompile Include="Dependencies\Luau\Compiler\src\Compiler.cpp" />
    <ClCompile Include="Dependencies\Luau\Compiler\src\ConstantFolding.cpp" />
    <ClCompile Include="Dependencies\Luau\Compiler\src\CostModel.cpp" />
    <ClCompile Include="Dependencies\Luau\Compiler\src\lcode.cpp" />
    <ClCompile Include="Dependencies\Luau\Compiler\src\TableShape.cpp" />
    <ClCompile Include="Dependencies\Luau\Compiler\src\Types.cpp" />
    <ClCompile Include="Dependencies\Luau\Compiler\src\ValueTracking.cpp" />
    <ClCompile Include="Dependencies\Luau\VM\src\lapi.cpp" />
    <ClCompile Include="Dependencies\Luau\VM\src\laux.cpp" />
    <ClCompile Include="Dependencies\Luau\VM\src\lbaselib.cpp" />
    <ClCompile Include="Dependencies\Luau\VM\src\lbitlib.cpp" />
    <ClCompile Include="Dependencies\Luau\VM\src\lbuffer.cpp" />
    <ClCompile Include="Dependencies\Luau\VM\src\lbuflib.cpp" />
    <ClCompile Include="Dependencies\Luau\VM\src\lbuiltins.cpp" />
    <ClCompile Include="Dependencies\Luau\VM\src\lcorolib.cpp" />
    <ClCompile Include="Dependencies\Luau\VM\src\ldblib.cpp" />
    <ClCompile Include="Dependencies\Luau\VM\src\ldebug.cpp" />
    <ClCompile Include="Dependencies\Luau\VM\src\ldo.cpp" />
    <ClCompile Include="Dependencies\Luau\VM\src\lfunc.cpp" />
    <ClCompile Include="Dependencies\Luau\VM\src\lgc.cpp" />
    <ClCompile Include="Dependencies\Luau\VM\src\lgcdebug.cpp" />
    <ClCompile Include="Dependencies\Luau\VM\src\linit.cpp" />
    <ClCompile Include="Dependencies\Luau\VM\src\lmathlib.cpp" />
    <ClCompile Include="Dependencies\Luau\VM\src\lmem.cpp" />
    <ClCompile Include="Dependencies\Luau\VM\src\lnumprint.cpp" />
    <ClCompile Include="Dependencies\Luau\VM\src\lobject.cpp" />
    <ClCompile Include="Dependencies\Luau\VM\src\loslib.cpp" />
    <ClCompile Include="Dependencies\Luau\VM\src\lperf.cpp" />
    <ClCompile Include="Dependencies\Luau\VM\src\lstate.cpp" />
    <ClCompile Include="Dependencies\Luau\VM\src\lstring.cpp" />
    <ClCompile Include="Dependencies\Luau\VM\src\lstrlib.cpp" />
    <ClCompile Include="Dependencies\Luau\VM\src\ltable.cpp" />
    <ClCompile Include="Dependencies\Luau\VM\src\ltablib.cpp" />
    <ClCompile Include="Dependencies\Luau\VM\src\ltm.cpp" />
    <ClCompile Include="Dependencies\Luau\VM\src\ludata.cpp" />
    <ClCompile Include="Dependencies\Luau\VM\src\lutf8lib.cpp" />
    <ClCompile Include="Dependencies\Luau\VM\src\lveclib.cpp" />
    <ClCompile Include="Dependencies\Luau\VM\src\lvmexecute.cpp" />
    <ClCompile Include="Dependencies\Luau\VM\src\lvmload.cpp" />
    <ClCompile Include="Dependencies\Luau\VM\src\lvmutils.cpp" />
  </ItemGroup>
  <ItemGroup>
    <ClInclude Include="Globals.hpp" />
    <ClInclude Include="Protection\LuaVM.hpp" />
    <ClInclude Include="Protection\Structure.hpp" />
    <ClInclude Include="include\unicorn\arm.h" />
    <ClInclude Include="include\unicorn\arm64.h" />
    <ClInclude Include="include\unicorn\m68k.h" />
    <ClInclude Include="include\unicorn\mips.h" />
    <ClInclude Include="include\unicorn\platform.h" />
    <ClInclude Include="include\unicorn\ppc.h" />
    <ClInclude Include="include\unicorn\riscv.h" />
    <ClInclude Include="include\unicorn\s390x.h" />
    <ClInclude Include="include\unicorn\sparc.h" />
    <ClInclude Include="include\unicorn\tricore.h" />
    <ClInclude Include="include\unicorn\unicorn.h" />
    <ClInclude Include="include\unicorn\x86.h" />
    <ClInclude Include="include\list.h" />
    <ClInclude Include="include\qemu.h" />
    <ClInclude Include="include\uc_priv.h" />
    <ClInclude Include="Dependencies\Luau\Ast\include\Luau\Allocator.h" />
    <ClInclude Include="Dependencies\Luau\Ast\include\Luau\Ast.h" />
    <ClInclude Include="Dependencies\Luau\Ast\include\Luau\Confusables.h" />
    <ClInclude Include="Dependencies\Luau\Ast\include\Luau\Cst.h" />
    <ClInclude Include="Dependencies\Luau\Ast\include\Luau\Lexer.h" />
    <ClInclude Include="Dependencies\Luau\Ast\include\Luau\Location.h" />
    <ClInclude Include="Dependencies\Luau\Ast\include\Luau\ParseOptions.h" />
    <ClInclude Include="Dependencies\Luau\Ast\include\Luau\Parser.h" />
    <ClInclude Include="Dependencies\Luau\Ast\include\Luau\ParseResult.h" />
    <ClInclude Include="Dependencies\Luau\Ast\include\Luau\StringUtils.h" />
    <ClInclude Include="Dependencies\Luau\Ast\include\Luau\TimeTrace.h" />
    <ClInclude Include="Dependencies\Luau\Common\include\Luau\Bytecode.h" />
    <ClInclude Include="Dependencies\Luau\Common\include\Luau\BytecodeUtils.h" />
    <ClInclude Include="Dependencies\Luau\Common\include\Luau\Common.h" />
    <ClInclude Include="Dependencies\Luau\Common\include\Luau\DenseHash.h" />
    <ClInclude Include="Dependencies\Luau\Common\include\Luau\ExperimentalFlags.h" />
    <ClInclude Include="Dependencies\Luau\Common\include\Luau\Variant.h" />
    <ClInclude Include="Dependencies\Luau\Common\include\Luau\VecDeque.h" />
    <ClInclude Include="Dependencies\Luau\Compiler\include\Luau\BytecodeBuilder.h" />
    <ClInclude Include="Dependencies\Luau\Compiler\include\Luau\Compiler.h" />
    <ClInclude Include="Dependencies\Luau\Compiler\include\luacode.h" />
    <ClInclude Include="Dependencies\Luau\Compiler\src\BuiltinFolding.h" />
    <ClInclude Include="Dependencies\Luau\Compiler\src\Builtins.h" />
    <ClInclude Include="Dependencies\Luau\Compiler\src\ConstantFolding.h" />
    <ClInclude Include="Dependencies\Luau\Compiler\src\CostModel.h" />
    <ClInclude Include="Dependencies\Luau\Compiler\src\TableShape.h" />
    <ClInclude Include="Dependencies\Luau\Compiler\src\Types.h" />
    <ClInclude Include="Dependencies\Luau\Compiler\src\ValueTracking.h" />
    <ClInclude Include="Dependencies\Luau\VM\include\lua.h" />
    <ClInclude Include="Dependencies\Luau\VM\include\luaconf.h" />
    <ClInclude Include="Dependencies\Luau\VM\include\lualib.h" />
    <ClInclude Include="Dependencies\Luau\VM\src\lapi.h" />
    <ClInclude Include="Dependencies\Luau\VM\src\lbuffer.h" />
    <ClInclude Include="Dependencies\Luau\VM\src\lbuiltins.h" />
    <ClInclude Include="Dependencies\Luau\VM\src\lbytecode.h" />
    <ClInclude Include="Dependencies\Luau\VM\src\lcommon.h" />
    <ClInclude Include="Dependencies\Luau\VM\src\ldebug.h" />
    <ClInclude Include="Dependencies\Luau\VM\src\ldo.h" />
    <ClInclude Include="Dependencies\Luau\VM\src\lfunc.h" />
    <ClInclude Include="Dependencies\Luau\VM\src\lgc.h" />
    <ClInclude Include="Dependencies\Luau\VM\src\lmem.h" />
    <ClInclude Include="Dependencies\Luau\VM\src\lnumutils.h" />
    <ClInclude Include="Dependencies\Luau\VM\src\lobject.h" />
    <ClInclude Include="Dependencies\Luau\VM\src\lstate.h" />
    <ClInclude Include="Dependencies\Luau\VM\src\lstring.h" />
    <ClInclude Include="Dependencies\Luau\VM\src\ltable.h" />
    <ClInclude Include="Dependencies\Luau\VM\src\ltm.h" />
    <ClInclude Include="Dependencies\Luau\VM\src\ludata.h" />
    <ClInclude Include="Dependencies\Luau\VM\src\lvm.h" />
    <ClInclude Include="somethingstupid.hpp" />
  </ItemGroup>
</Project>